
Microsoft Visual Studio Solution File, Format Version 12.00
# Visual Studio Version 17
VisualStudioVersion = 17.13.35806.99 d17.13
MinimumVisualStudioVersion = 10.0.40219.1
Project("{FAE04EC0-301F-11D3-BF4B-00C04F79EFBC}") = "DesafioMVC", "DesafioMVC.csproj", "{CC3EED43-4221-47EF-8FA7-096C7CF714D2}"
EndProject
Global
	GlobalSection(SolutionConfigurationPlatforms) = preSolution
		Debug|Any CPU = Debug|Any CPU
		Release|Any CPU = Release|Any CPU
	EndGlobalSection
	GlobalSection(ProjectConfigurationPlatforms) = postSolution
		{CC3EED43-4221-47EF-8FA7-096C7CF714D2}.Debug|Any CPU.ActiveCfg = Debug|Any CPU
		{CC3EED43-4221-47EF-8FA7-096C7CF714D2}.Debug|Any CPU.Build.0 = Debug|Any CPU
		{CC3EED43-4221-47EF-8FA7-096C7CF714D2}.Release|Any CPU.ActiveCfg = Release|Any CPU
		{CC3EED43-4221-47EF-8FA7-096C7CF714D2}.Release|Any CPU.Build.0 = Release|Any CPU
	EndGlobalSection
	GlobalSection(SolutionProperties) = preSolution
		HideSolutionNode = FALSE
	EndGlobalSection
	GlobalSection(ExtensibilityGlobals) = postSolution
		SolutionGuid = {F7378793-06CB-4044-A934-29887C6AE4C4}
	EndGlobalSection
EndGlobal
